
Microsoft Visual Studio Solution File, Format Version 11.00
# Visual Studio 2010
Project("{8BC9CEB8-8B4A-11D0-8D11-00A0C91BC942}") = "Defectoscope", "Units\Defectoscope\Defectoscope.vcxproj", "{1F4D6512-4BE3-40DE-A5FE-74CC71D51F3E}"
EndProject
Project("{8BC9CEB8-8B4A-11D0-8D11-00A0C91BC942}") = "debug_panel_new", "Units\debug_panel_new\debug_panel_new.vcxproj", "{2BE3A027-9834-461B-8268-D69DA3747AC9}"
EndProject
Project("{8BC9CEB8-8B4A-11D0-8D11-00A0C91BC942}") = "DefectoscopeMessages", "Units\DefectoscopeMessages\Messages.vcxproj", "{1905CD7B-4775-4D79-ADC9-A24266EB457F}"
EndProject
Project("{2150E333-8FDC-42A3-9474-1A3956D46DE8}") = "Test", "Test", "{830F7471-9313-4AF6-AEEA-93BA5896AF45}"
EndProject
Project("{8BC9CEB8-8B4A-11D0-8D11-00A0C91BC942}") = "TEST_MessageText", "Tests\TEST_MessageText\TEST_MessageText.vcxproj", "{65B50ED7-1579-4801-9FFC-383980D44ABF}"
EndProject
Project("{8BC9CEB8-8B4A-11D0-8D11-00A0C91BC942}") = "Test_ComPort", "Tests\Test_ComPort\Test_ComPort.vcxproj", "{5B41DFB3-EC27-4636-8FEE-984D795A5D50}"
EndProject
Project("{8BC9CEB8-8B4A-11D0-8D11-00A0C91BC942}") = "Test_TCP", "Tests\Test_TCP\Test_TCP.vcxproj", "{FE41FC1D-8172-4699-A5D5-E8E9BF7BA7E0}"
EndProject
Project("{8BC9CEB8-8B4A-11D0-8D11-00A0C91BC942}") = "TEST_1730", "Tests\TEST_1730\TEST_1730.vcxproj", "{53AEB31A-627B-45F2-8644-6AC450242CE4}"
EndProject
Project("{8BC9CEB8-8B4A-11D0-8D11-00A0C91BC942}") = "Test_Transport", "Tests\Test_Transport\Test_Transport.vcxproj", "{AF9A6E64-2816-4BC6-A41F-D25D00C66C00}"
EndProject
Project("{8BC9CEB8-8B4A-11D0-8D11-00A0C91BC942}") = "TestLir", "Tests\Lir\Lir.vcxproj", "{259B8E7D-0F0C-4FC8-86D1-4472E736E974}"
EndProject
Project("{8BC9CEB8-8B4A-11D0-8D11-00A0C91BC942}") = "Test_bits", "Tests\Test_bits\Test_bits.vcxproj", "{86D11F4E-C287-4AB8-A6FA-89F78E4E79A4}"
EndProject
Global
	GlobalSection(SolutionConfigurationPlatforms) = preSolution
		Debug|Win32 = Debug|Win32
		Release|Win32 = Release|Win32
	EndGlobalSection
	GlobalSection(ProjectConfigurationPlatforms) = postSolution
		{1F4D6512-4BE3-40DE-A5FE-74CC71D51F3E}.Debug|Win32.ActiveCfg = Debug|Win32
		{1F4D6512-4BE3-40DE-A5FE-74CC71D51F3E}.Debug|Win32.Build.0 = Debug|Win32
		{1F4D6512-4BE3-40DE-A5FE-74CC71D51F3E}.Release|Win32.ActiveCfg = Release|Win32
		{1F4D6512-4BE3-40DE-A5FE-74CC71D51F3E}.Release|Win32.Build.0 = Release|Win32
		{2BE3A027-9834-461B-8268-D69DA3747AC9}.Debug|Win32.ActiveCfg = Debug|Win32
		{2BE3A027-9834-461B-8268-D69DA3747AC9}.Debug|Win32.Build.0 = Debug|Win32
		{2BE3A027-9834-461B-8268-D69DA3747AC9}.Release|Win32.ActiveCfg = Release|Win32
		{2BE3A027-9834-461B-8268-D69DA3747AC9}.Release|Win32.Build.0 = Release|Win32
		{1905CD7B-4775-4D79-ADC9-A24266EB457F}.Debug|Win32.ActiveCfg = Debug|Win32
		{1905CD7B-4775-4D79-ADC9-A24266EB457F}.Debug|Win32.Build.0 = Debug|Win32
		{1905CD7B-4775-4D79-ADC9-A24266EB457F}.Release|Win32.ActiveCfg = Release|Win32
		{1905CD7B-4775-4D79-ADC9-A24266EB457F}.Release|Win32.Build.0 = Release|Win32
		{65B50ED7-1579-4801-9FFC-383980D44ABF}.Debug|Win32.ActiveCfg = Debug|Win32
		{65B50ED7-1579-4801-9FFC-383980D44ABF}.Debug|Win32.Build.0 = Debug|Win32
		{65B50ED7-1579-4801-9FFC-383980D44ABF}.Release|Win32.ActiveCfg = Release|Win32
		{65B50ED7-1579-4801-9FFC-383980D44ABF}.Release|Win32.Build.0 = Release|Win32
		{5B41DFB3-EC27-4636-8FEE-984D795A5D50}.Debug|Win32.ActiveCfg = Debug|Win32
		{5B41DFB3-EC27-4636-8FEE-984D795A5D50}.Debug|Win32.Build.0 = Debug|Win32
		{5B41DFB3-EC27-4636-8FEE-984D795A5D50}.Release|Win32.ActiveCfg = Release|Win32
		{5B41DFB3-EC27-4636-8FEE-984D795A5D50}.Release|Win32.Build.0 = Release|Win32
		{FE41FC1D-8172-4699-A5D5-E8E9BF7BA7E0}.Debug|Win32.ActiveCfg = Debug|Win32
		{FE41FC1D-8172-4699-A5D5-E8E9BF7BA7E0}.Debug|Win32.Build.0 = Debug|Win32
		{FE41FC1D-8172-4699-A5D5-E8E9BF7BA7E0}.Release|Win32.ActiveCfg = Release|Win32
		{FE41FC1D-8172-4699-A5D5-E8E9BF7BA7E0}.Release|Win32.Build.0 = Release|Win32
		{53AEB31A-627B-45F2-8644-6AC450242CE4}.Debug|Win32.ActiveCfg = Debug|Win32
		{53AEB31A-627B-45F2-8644-6AC450242CE4}.Debug|Win32.Build.0 = Debug|Win32
		{53AEB31A-627B-45F2-8644-6AC450242CE4}.Release|Win32.ActiveCfg = Release|Win32
		{53AEB31A-627B-45F2-8644-6AC450242CE4}.Release|Win32.Build.0 = Release|Win32
		{AF9A6E64-2816-4BC6-A41F-D25D00C66C00}.Debug|Win32.ActiveCfg = Debug|Win32
		{AF9A6E64-2816-4BC6-A41F-D25D00C66C00}.Debug|Win32.Build.0 = Debug|Win32
		{AF9A6E64-2816-4BC6-A41F-D25D00C66C00}.Release|Win32.ActiveCfg = Release|Win32
		{AF9A6E64-2816-4BC6-A41F-D25D00C66C00}.Release|Win32.Build.0 = Release|Win32
		{259B8E7D-0F0C-4FC8-86D1-4472E736E974}.Debug|Win32.ActiveCfg = Debug|Win32
		{259B8E7D-0F0C-4FC8-86D1-4472E736E974}.Debug|Win32.Build.0 = Debug|Win32
		{259B8E7D-0F0C-4FC8-86D1-4472E736E974}.Release|Win32.ActiveCfg = Release|Win32
		{259B8E7D-0F0C-4FC8-86D1-4472E736E974}.Release|Win32.Build.0 = Release|Win32
		{86D11F4E-C287-4AB8-A6FA-89F78E4E79A4}.Debug|Win32.ActiveCfg = Debug|Win32
		{86D11F4E-C287-4AB8-A6FA-89F78E4E79A4}.Debug|Win32.Build.0 = Debug|Win32
		{86D11F4E-C287-4AB8-A6FA-89F78E4E79A4}.Release|Win32.ActiveCfg = Release|Win32
		{86D11F4E-C287-4AB8-A6FA-89F78E4E79A4}.Release|Win32.Build.0 = Release|Win32
	EndGlobalSection
	GlobalSection(SolutionProperties) = preSolution
		HideSolutionNode = FALSE
	EndGlobalSection
	GlobalSection(NestedProjects) = preSolution
		{65B50ED7-1579-4801-9FFC-383980D44ABF} = {830F7471-9313-4AF6-AEEA-93BA5896AF45}
		{5B41DFB3-EC27-4636-8FEE-984D795A5D50} = {830F7471-9313-4AF6-AEEA-93BA5896AF45}
		{FE41FC1D-8172-4699-A5D5-E8E9BF7BA7E0} = {830F7471-9313-4AF6-AEEA-93BA5896AF45}
		{53AEB31A-627B-45F2-8644-6AC450242CE4} = {830F7471-9313-4AF6-AEEA-93BA5896AF45}
		{AF9A6E64-2816-4BC6-A41F-D25D00C66C00} = {830F7471-9313-4AF6-AEEA-93BA5896AF45}
		{259B8E7D-0F0C-4FC8-86D1-4472E736E974} = {830F7471-9313-4AF6-AEEA-93BA5896AF45}
		{86D11F4E-C287-4AB8-A6FA-89F78E4E79A4} = {830F7471-9313-4AF6-AEEA-93BA5896AF45}
	EndGlobalSection
EndGlobal
