
Microsoft Visual Studio Solution File, Format Version 11.00
# Visual Studio 2010
Project("{8BC9CEB8-8B4A-11D0-8D11-00A0C91BC942}") = "Defectoscope", "Units\Defectoscope\Defectoscope.vcxproj", "{1F4D6512-4BE3-40DE-A5FE-74CC71D51F3E}"
EndProject
Project("{8BC9CEB8-8B4A-11D0-8D11-00A0C91BC942}") = "debug_panel_new", "Units\debug_panel_new\debug_panel_new.vcxproj", "{2BE3A027-9834-461B-8268-D69DA3747AC9}"
EndProject
Project("{8BC9CEB8-8B4A-11D0-8D11-00A0C91BC942}") = "DefectoscopeMessages", "Units\DefectoscopeMessages\Messages.vcxproj", "{1905CD7B-4775-4D79-ADC9-A24266EB457F}"
EndProject
Global
	GlobalSection(SolutionConfigurationPlatforms) = preSolution
		Debug|Win32 = Debug|Win32
		Release|Win32 = Release|Win32
	EndGlobalSection
	GlobalSection(ProjectConfigurationPlatforms) = postSolution
		{1F4D6512-4BE3-40DE-A5FE-74CC71D51F3E}.Debug|Win32.ActiveCfg = Debug|Win32
		{1F4D6512-4BE3-40DE-A5FE-74CC71D51F3E}.Debug|Win32.Build.0 = Debug|Win32
		{1F4D6512-4BE3-40DE-A5FE-74CC71D51F3E}.Release|Win32.ActiveCfg = Release|Win32
		{1F4D6512-4BE3-40DE-A5FE-74CC71D51F3E}.Release|Win32.Build.0 = Release|Win32
		{2BE3A027-9834-461B-8268-D69DA3747AC9}.Debug|Win32.ActiveCfg = Debug|Win32
		{2BE3A027-9834-461B-8268-D69DA3747AC9}.Debug|Win32.Build.0 = Debug|Win32
		{2BE3A027-9834-461B-8268-D69DA3747AC9}.Release|Win32.ActiveCfg = Release|Win32
		{2BE3A027-9834-461B-8268-D69DA3747AC9}.Release|Win32.Build.0 = Release|Win32
		{1905CD7B-4775-4D79-ADC9-A24266EB457F}.Debug|Win32.ActiveCfg = Debug|Win32
		{1905CD7B-4775-4D79-ADC9-A24266EB457F}.Debug|Win32.Build.0 = Debug|Win32
		{1905CD7B-4775-4D79-ADC9-A24266EB457F}.Release|Win32.ActiveCfg = Release|Win32
		{1905CD7B-4775-4D79-ADC9-A24266EB457F}.Release|Win32.Build.0 = Release|Win32
	EndGlobalSection
	GlobalSection(SolutionProperties) = preSolution
		HideSolutionNode = FALSE
	EndGlobalSection
EndGlobal
